
Microsoft Visual Studio Solution File, Format Version 12.00
# Visual Studio Version 17
VisualStudioVersion = 17.6.33829.357
MinimumVisualStudioVersion = 10.0.40219.1
Project("{9A19103F-16F7-4668-BE54-9A1E7A4F7556}") = "DatabaseCreation", "DatabaseCreation\DatabaseCreation.csproj", "{0887D5A8-1B18-421D-9BA2-C114E4B9C54E}"
EndProject
Project("{9A19103F-16F7-4668-BE54-9A1E7A4F7556}") = "DatabaseModel", "DatabaseModel\DatabaseModel.csproj", "{4F742789-07EE-4DBB-9AD9-A1882DC78926}"
EndProject
Project("{9A19103F-16F7-4668-BE54-9A1E7A4F7556}") = "GZM", "GZM\GZM.csproj", "{FC6E8F0F-963B-4865-B8ED-2447632B93C0}"
EndProject
Project("{FAE04EC0-301F-11D3-BF4B-00C04F79EFBC}") = "DatabaseLINQ", "DatabaseLINQ\DatabaseLINQ.csproj", "{FA5D2FBB-BF75-4FB8-A62D-5FD477CA525E}"
EndProject
Global
	GlobalSection(SolutionConfigurationPlatforms) = preSolution
		Debug|Any CPU = Debug|Any CPU
		Release|Any CPU = Release|Any CPU
	EndGlobalSection
	GlobalSection(ProjectConfigurationPlatforms) = postSolution
		{0887D5A8-1B18-421D-9BA2-C114E4B9C54E}.Debug|Any CPU.ActiveCfg = Debug|Any CPU
		{0887D5A8-1B18-421D-9BA2-C114E4B9C54E}.Debug|Any CPU.Build.0 = Debug|Any CPU
		{0887D5A8-1B18-421D-9BA2-C114E4B9C54E}.Release|Any CPU.ActiveCfg = Release|Any CPU
		{0887D5A8-1B18-421D-9BA2-C114E4B9C54E}.Release|Any CPU.Build.0 = Release|Any CPU
		{4F742789-07EE-4DBB-9AD9-A1882DC78926}.Debug|Any CPU.ActiveCfg = Debug|Any CPU
		{4F742789-07EE-4DBB-9AD9-A1882DC78926}.Debug|Any CPU.Build.0 = Debug|Any CPU
		{4F742789-07EE-4DBB-9AD9-A1882DC78926}.Release|Any CPU.ActiveCfg = Release|Any CPU
		{4F742789-07EE-4DBB-9AD9-A1882DC78926}.Release|Any CPU.Build.0 = Release|Any CPU
		{FC6E8F0F-963B-4865-B8ED-2447632B93C0}.Debug|Any CPU.ActiveCfg = Debug|Any CPU
		{FC6E8F0F-963B-4865-B8ED-2447632B93C0}.Debug|Any CPU.Build.0 = Debug|Any CPU
		{FC6E8F0F-963B-4865-B8ED-2447632B93C0}.Release|Any CPU.ActiveCfg = Release|Any CPU
		{FC6E8F0F-963B-4865-B8ED-2447632B93C0}.Release|Any CPU.Build.0 = Release|Any CPU
		{FA5D2FBB-BF75-4FB8-A62D-5FD477CA525E}.Debug|Any CPU.ActiveCfg = Debug|Any CPU
		{FA5D2FBB-BF75-4FB8-A62D-5FD477CA525E}.Debug|Any CPU.Build.0 = Debug|Any CPU
		{FA5D2FBB-BF75-4FB8-A62D-5FD477CA525E}.Release|Any CPU.ActiveCfg = Release|Any CPU
		{FA5D2FBB-BF75-4FB8-A62D-5FD477CA525E}.Release|Any CPU.Build.0 = Release|Any CPU
	EndGlobalSection
	GlobalSection(SolutionProperties) = preSolution
		HideSolutionNode = FALSE
	EndGlobalSection
	GlobalSection(ExtensibilityGlobals) = postSolution
		SolutionGuid = {D34D87DD-FC4C-49E8-8A05-3FCC6199E128}
	EndGlobalSection
EndGlobal
